
Microsoft Visual Studio Solution File, Format Version 12.00
# Visual Studio Version 16
VisualStudioVersion = 16.0.31321.278
MinimumVisualStudioVersion = 10.0.40219.1
Project("{FAE04EC0-301F-11D3-BF4B-00C04F79EFBC}") = "BT1", "BT1.csproj", "{83A69B60-DA07-4840-BDF9-D73CE7BD710E}"
EndProject
Global
	GlobalSection(SolutionConfigurationPlatforms) = preSolution
		Debug|Any CPU = Debug|Any CPU
		Release|Any CPU = Release|Any CPU
	EndGlobalSection
	GlobalSection(ProjectConfigurationPlatforms) = postSolution
		{83A69B60-DA07-4840-BDF9-D73CE7BD710E}.Debug|Any CPU.ActiveCfg = Debug|Any CPU
		{83A69B60-DA07-4840-BDF9-D73CE7BD710E}.Debug|Any CPU.Build.0 = Debug|Any CPU
		{83A69B60-DA07-4840-BDF9-D73CE7BD710E}.Release|Any CPU.ActiveCfg = Release|Any CPU
		{83A69B60-DA07-4840-BDF9-D73CE7BD710E}.Release|Any CPU.Build.0 = Release|Any CPU
	EndGlobalSection
	GlobalSection(SolutionProperties) = preSolution
		HideSolutionNode = FALSE
	EndGlobalSection
	GlobalSection(ExtensibilityGlobals) = postSolution
		SolutionGuid = {A5981A84-D7B9-47B6-82C9-9A221A3D6CA9}
	EndGlobalSection
EndGlobal
