
Microsoft Visual Studio Solution File, Format Version 12.00
# Visual Studio Version 16
VisualStudioVersion = 16.0.30517.126
MinimumVisualStudioVersion = 10.0.40219.1
Project("{FAE04EC0-301F-11D3-BF4B-00C04F79EFBC}") = "15-Mar-21-Chung-minh-tam-giac-deu,can,vuong,thuong", "15-Mar-21-Chung-minh-tam-giac-deu,can,vuong,thuong\15-Mar-21-Chung-minh-tam-giac-deu,can,vuong,thuong.csproj", "{30787740-CFDA-4664-8C53-29CB732FE161}"
EndProject
Global
	GlobalSection(SolutionConfigurationPlatforms) = preSolution
		Debug|Any CPU = Debug|Any CPU
		Release|Any CPU = Release|Any CPU
	EndGlobalSection
	GlobalSection(ProjectConfigurationPlatforms) = postSolution
		{30787740-CFDA-4664-8C53-29CB732FE161}.Debug|Any CPU.ActiveCfg = Debug|Any CPU
		{30787740-CFDA-4664-8C53-29CB732FE161}.Debug|Any CPU.Build.0 = Debug|Any CPU
		{30787740-CFDA-4664-8C53-29CB732FE161}.Release|Any CPU.ActiveCfg = Release|Any CPU
		{30787740-CFDA-4664-8C53-29CB732FE161}.Release|Any CPU.Build.0 = Release|Any CPU
	EndGlobalSection
	GlobalSection(SolutionProperties) = preSolution
		HideSolutionNode = FALSE
	EndGlobalSection
	GlobalSection(ExtensibilityGlobals) = postSolution
		SolutionGuid = {83E1ABA9-E2F9-4486-B54B-DB419359F72D}
	EndGlobalSection
EndGlobal
