
Microsoft Visual Studio Solution File, Format Version 12.00
# Visual Studio Version 16
VisualStudioVersion = 16.0.30517.126
MinimumVisualStudioVersion = 10.0.40219.1
Project("{FAE04EC0-301F-11D3-BF4B-00C04F79EFBC}") = "Danh gia hoc sinh qua diem", "Danh gia hoc sinh qua diem\Danh gia hoc sinh qua diem.csproj", "{7C7B8741-5CBD-4463-B099-BF5156E49B95}"
EndProject
Global
	GlobalSection(SolutionConfigurationPlatforms) = preSolution
		Debug|Any CPU = Debug|Any CPU
		Release|Any CPU = Release|Any CPU
	EndGlobalSection
	GlobalSection(ProjectConfigurationPlatforms) = postSolution
		{7C7B8741-5CBD-4463-B099-BF5156E49B95}.Debug|Any CPU.ActiveCfg = Debug|Any CPU
		{7C7B8741-5CBD-4463-B099-BF5156E49B95}.Debug|Any CPU.Build.0 = Debug|Any CPU
		{7C7B8741-5CBD-4463-B099-BF5156E49B95}.Release|Any CPU.ActiveCfg = Release|Any CPU
		{7C7B8741-5CBD-4463-B099-BF5156E49B95}.Release|Any CPU.Build.0 = Release|Any CPU
	EndGlobalSection
	GlobalSection(SolutionProperties) = preSolution
		HideSolutionNode = FALSE
	EndGlobalSection
	GlobalSection(ExtensibilityGlobals) = postSolution
		SolutionGuid = {85E9F2FB-868D-4D86-B0E8-2B5FC08249F0}
	EndGlobalSection
EndGlobal
